
Microsoft Visual Studio Solution File, Format Version 12.00
# Visual Studio Version 16
VisualStudioVersion = 16.0.31624.102
MinimumVisualStudioVersion = 10.0.40219.1
Project("{FAE04EC0-301F-11D3-BF4B-00C04F79EFBC}") = "AssetStream", "AssetStream\AssetStream.csproj", "{E87CED46-EA08-4194-91E5-1D7515E54724}"
EndProject
Global
	GlobalSection(SolutionConfigurationPlatforms) = preSolution
		Debug|Any CPU = Debug|Any CPU
		Release|Any CPU = Release|Any CPU
	EndGlobalSection
	GlobalSection(ProjectConfigurationPlatforms) = postSolution
		{E87CED46-EA08-4194-91E5-1D7515E54724}.Debug|Any CPU.ActiveCfg = Debug|Any CPU
		{E87CED46-EA08-4194-91E5-1D7515E54724}.Debug|Any CPU.Build.0 = Debug|Any CPU
		{E87CED46-EA08-4194-91E5-1D7515E54724}.Release|Any CPU.ActiveCfg = Release|Any CPU
		{E87CED46-EA08-4194-91E5-1D7515E54724}.Release|Any CPU.Build.0 = Release|Any CPU
	EndGlobalSection
	GlobalSection(SolutionProperties) = preSolution
		HideSolutionNode = FALSE
	EndGlobalSection
	GlobalSection(ExtensibilityGlobals) = postSolution
		SolutionGuid = {7A27B87A-204C-4708-82B7-EFF7421DAC2D}
	EndGlobalSection
EndGlobal
